// !$*UTF8*$!
{
	archiveVersion = 1;
	classes = {
	};
	objectVersion = 50;
	objects = {

/* Begin PBXBuildFile section */
		CCC11BD726364339005DCBFE /* Instagram_cloneApp.swift in Sources */ = {isa = PBXBuildFile; fileRef = CCC11BD626364339005DCBFE /* Instagram_cloneApp.swift */; };
		CCC11BDB2636433D005DCBFE /* Assets.xcassets in Resources */ = {isa = PBXBuildFile; fileRef = CCC11BDA2636433D005DCBFE /* Assets.xcassets */; };
		CCC11BDE2636433D005DCBFE /* Preview Assets.xcassets in Resources */ = {isa = PBXBuildFile; fileRef = CCC11BDD2636433D005DCBFE /* Preview Assets.xcassets */; };
		CCC11BF4263644EA005DCBFE /* ContentView.swift in Sources */ = {isa = PBXBuildFile; fileRef = CCC11BF3263644EA005DCBFE /* ContentView.swift */; };
/* End PBXBuildFile section */

/* Begin PBXFileReference section */
		CCC11BD326364339005DCBFE /* Instagram-clone.app */ = {isa = PBXFileReference; explicitFileType = wrapper.application; includeInIndex = 0; path = "Instagram-clone.app"; sourceTree = BUILT_PRODUCTS_DIR; };
		CCC11BD626364339005DCBFE /* Instagram_cloneApp.swift */ = {isa = PBXFileReference; lastKnownFileType = sourcecode.swift; path = Instagram_cloneApp.swift; sourceTree = "<group>"; };
		CCC11BDA2636433D005DCBFE /* Assets.xcassets */ = {isa = PBXFileReference; lastKnownFileType = folder.assetcatalog; path = Assets.xcassets; sourceTree = "<group>"; };
		CCC11BDD2636433D005DCBFE /* Preview Assets.xcassets */ = {isa = PBXFileReference; lastKnownFileType = folder.assetcatalog; path = "Preview Assets.xcassets"; sourceTree = "<group>"; };
		CCC11BDF2636433D005DCBFE /* Info.plist */ = {isa = PBXFileReference; lastKnownFileType = text.plist.xml; path = Info.plist; sourceTree = "<group>"; };
		CCC11BF3263644EA005DCBFE /* ContentView.swift */ = {isa = PBXFileReference; lastKnownFileType = sourcecode.swift; path = ContentView.swift; sourceTree = "<group>"; };
/* End PBXFileReference section */

/* Begin PBXFrameworksBuildPhase section */
		CCC11BD026364338005DCBFE /* Frameworks */ = {
			isa = PBXFrameworksBuildPhase;
			buildActionMask = 2147483647;
			files = (
			);
			runOnlyForDeploymentPostprocessing = 0;
		};
/* End PBXFrameworksBuildPhase section */

/* Begin PBXGroup section */
		CCC11BCA26364338005DCBFE = {
			isa = PBXGroup;
			children = (
				CCC11BD526364339005DCBFE /* Instagram-clone */,
				CCC11BD426364339005DCBFE /* Products */,
			);
			sourceTree = "<group>";
		};
		CCC11BD426364339005DCBFE /* Products */ = {
			isa = PBXGroup;
			children = (
				CCC11BD326364339005DCBFE /* Instagram-clone.app */,
			);
			name = Products;
			sourceTree = "<group>";
		};
		CCC11BD526364339005DCBFE /* Instagram-clone */ = {
			isa = PBXGroup;
			children = (
				CCC11BED26364445005DCBFE /* Model */,
				CCC11BEC26364441005DCBFE /* View */,
				CCC11BEB2636443F005DCBFE /* ViewModel */,
				CCC11BEA2636443C005DCBFE /* API */,
				CCC11BE72636441C005DCBFE /* Utils */,
				CCC11BD626364339005DCBFE /* Instagram_cloneApp.swift */,
				CCC11BDA2636433D005DCBFE /* Assets.xcassets */,
				CCC11BDF2636433D005DCBFE /* Info.plist */,
				CCC11BDC2636433D005DCBFE /* Preview Content */,
			);
			path = "Instagram-clone";
			sourceTree = "<group>";
		};
		CCC11BDC2636433D005DCBFE /* Preview Content */ = {
			isa = PBXGroup;
			children = (
				CCC11BDD2636433D005DCBFE /* Preview Assets.xcassets */,
			);
			path = "Preview Content";
			sourceTree = "<group>";
		};
		CCC11BE72636441C005DCBFE /* Utils */ = {
			isa = PBXGroup;
			children = (
			);
			path = Utils;
			sourceTree = "<group>";
		};
		CCC11BEA2636443C005DCBFE /* API */ = {
			isa = PBXGroup;
			children = (
			);
			path = API;
			sourceTree = "<group>";
		};
		CCC11BEB2636443F005DCBFE /* ViewModel */ = {
			isa = PBXGroup;
			children = (
				CCC11C02263645CE005DCBFE /* Profile */,
				CCC11C01263645C6005DCBFE /* Authentication */,
				CCC11C00263645BF005DCBFE /* Notifications */,
				CCC11BFF263645B9005DCBFE /* Feed */,
			);
			path = ViewModel;
			sourceTree = "<group>";
		};
		CCC11BEC26364441005DCBFE /* View */ = {
			isa = PBXGroup;
			children = (
				CCC11BFE26364588005DCBFE /* Items */,
				CCC11BFD26364575005DCBFE /* Authentication */,
				CCC11BFC2636456B005DCBFE /* Notifications */,
				CCC11BFB26364565005DCBFE /* Search */,
				CCC11BFA2636455E005DCBFE /* Comments */,
				CCC11BF926364555005DCBFE /* Feed */,
				CCC11BF82636454C005DCBFE /* Profile */,
				CCC11BF726364519005DCBFE /* UploadPost */,
				CCC11BF1263644CE005DCBFE /* Main */,
			);
			path = View;
			sourceTree = "<group>";
		};
		CCC11BED26364445005DCBFE /* Model */ = {
			isa = PBXGroup;
			children = (
			);
			path = Model;
			sourceTree = "<group>";
		};
		CCC11BF1263644CE005DCBFE /* Main */ = {
			isa = PBXGroup;
			children = (
				CCC11BF3263644EA005DCBFE /* ContentView.swift */,
			);
			path = Main;
			sourceTree = "<group>";
		};
		CCC11BF726364519005DCBFE /* UploadPost */ = {
			isa = PBXGroup;
			children = (
			);
			path = UploadPost;
			sourceTree = "<group>";
		};
		CCC11BF82636454C005DCBFE /* Profile */ = {
			isa = PBXGroup;
			children = (
			);
			path = Profile;
			sourceTree = "<group>";
		};
		CCC11BF926364555005DCBFE /* Feed */ = {
			isa = PBXGroup;
			children = (
			);
			path = Feed;
			sourceTree = "<group>";
		};
		CCC11BFA2636455E005DCBFE /* Comments */ = {
			isa = PBXGroup;
			children = (
			);
			path = Comments;
			sourceTree = "<group>";
		};
		CCC11BFB26364565005DCBFE /* Search */ = {
			isa = PBXGroup;
			children = (
			);
			path = Search;
			sourceTree = "<group>";
		};
		CCC11BFC2636456B005DCBFE /* Notifications */ = {
			isa = PBXGroup;
			children = (
			);
			path = Notifications;
			sourceTree = "<group>";
		};
		CCC11BFD26364575005DCBFE /* Authentication */ = {
			isa = PBXGroup;
			children = (
			);
			path = Authentication;
			sourceTree = "<group>";
		};
		CCC11BFE26364588005DCBFE /* Items */ = {
			isa = PBXGroup;
			children = (
			);
			path = Items;
			sourceTree = "<group>";
		};
		CCC11BFF263645B9005DCBFE /* Feed */ = {
			isa = PBXGroup;
			children = (
			);
			path = Feed;
			sourceTree = "<group>";
		};
		CCC11C00263645BF005DCBFE /* Notifications */ = {
			isa = PBXGroup;
			children = (
			);
			path = Notifications;
			sourceTree = "<group>";
		};
		CCC11C01263645C6005DCBFE /* Authentication */ = {
			isa = PBXGroup;
			children = (
			);
			path = Authentication;
			sourceTree = "<group>";
		};
		CCC11C02263645CE005DCBFE /* Profile */ = {
			isa = PBXGroup;
			children = (
			);
			path = Profile;
			sourceTree = "<group>";
		};
/* End PBXGroup section */

/* Begin PBXNativeTarget section */
		CCC11BD226364338005DCBFE /* Instagram-clone */ = {
			isa = PBXNativeTarget;
			buildConfigurationList = CCC11BE22636433D005DCBFE /* Build configuration list for PBXNativeTarget "Instagram-clone" */;
			buildPhases = (
				CCC11BCF26364338005DCBFE /* Sources */,
				CCC11BD026364338005DCBFE /* Frameworks */,
				CCC11BD126364338005DCBFE /* Resources */,
			);
			buildRules = (
			);
			dependencies = (
			);
			name = "Instagram-clone";
			productName = "Instagram-clone";
			productReference = CCC11BD326364339005DCBFE /* Instagram-clone.app */;
			productType = "com.apple.product-type.application";
		};
/* End PBXNativeTarget section */

/* Begin PBXProject section */
		CCC11BCB26364338005DCBFE /* Project object */ = {
			isa = PBXProject;
			attributes = {
				LastSwiftUpdateCheck = 1240;
				LastUpgradeCheck = 1240;
				TargetAttributes = {
					CCC11BD226364338005DCBFE = {
						CreatedOnToolsVersion = 12.4;
					};
				};
			};
			buildConfigurationList = CCC11BCE26364338005DCBFE /* Build configuration list for PBXProject "Instagram-clone" */;
			compatibilityVersion = "Xcode 9.3";
			developmentRegion = en;
			hasScannedForEncodings = 0;
			knownRegions = (
				en,
				Base,
			);
			mainGroup = CCC11BCA26364338005DCBFE;
			productRefGroup = CCC11BD426364339005DCBFE /* Products */;
			projectDirPath = "";
			projectRoot = "";
			targets = (
				CCC11BD226364338005DCBFE /* Instagram-clone */,
			);
		};
/* End PBXProject section */

/* Begin PBXResourcesBuildPhase section */
		CCC11BD126364338005DCBFE /* Resources */ = {
			isa = PBXResourcesBuildPhase;
			buildActionMask = 2147483647;
			files = (
				CCC11BDE2636433D005DCBFE /* Preview Assets.xcassets in Resources */,
				CCC11BDB2636433D005DCBFE /* Assets.xcassets in Resources */,
			);
			runOnlyForDeploymentPostprocessing = 0;
		};
/* End PBXResourcesBuildPhase section */

/* Begin PBXSourcesBuildPhase section */
		CCC11BCF26364338005DCBFE /* Sources */ = {
			isa = PBXSourcesBuildPhase;
			buildActionMask = 2147483647;
			files = (
				CCC11BD726364339005DCBFE /* Instagram_cloneApp.swift in Sources */,
				CCC11BF4263644EA005DCBFE /* ContentView.swift in Sources */,
			);
			runOnlyForDeploymentPostprocessing = 0;
		};
/* End PBXSourcesBuildPhase section */

/* Begin XCBuildConfiguration section */
		CCC11BE02636433D005DCBFE /* Debug */ = {
			isa = XCBuildConfiguration;
			buildSettings = {
				ALWAYS_SEARCH_USER_PATHS = NO;
				CLANG_ANALYZER_NONNULL = YES;
				CLANG_ANALYZER_NUMBER_OBJECT_CONVERSION = YES_AGGRESSIVE;
				CLANG_CXX_LANGUAGE_STANDARD = "gnu++14";
				CLANG_CXX_LIBRARY = "libc++";
				CLANG_ENABLE_MODULES = YES;
				CLANG_ENABLE_OBJC_ARC = YES;
				CLANG_ENABLE_OBJC_WEAK = YES;
				CLANG_WARN_BLOCK_CAPTURE_AUTORELEASING = YES;
				CLANG_WARN_BOOL_CONVERSION = YES;
				CLANG_WARN_COMMA = YES;
				CLANG_WARN_CONSTANT_CONVERSION = YES;
				CLANG_WARN_DEPRECATED_OBJC_IMPLEMENTATIONS = YES;
				CLANG_WARN_DIRECT_OBJC_ISA_USAGE = YES_ERROR;
				CLANG_WARN_DOCUMENTATION_COMMENTS = YES;
				CLANG_WARN_EMPTY_BODY = YES;
				CLANG_WARN_ENUM_CONVERSION = YES;
				CLANG_WARN_INFINITE_RECURSION = YES;
				CLANG_WARN_INT_CONVERSION = YES;
				CLANG_WARN_NON_LITERAL_NULL_CONVERSION = YES;
				CLANG_WARN_OBJC_IMPLICIT_RETAIN_SELF = YES;
				CLANG_WARN_OBJC_LITERAL_CONVERSION = YES;
				CLANG_WARN_OBJC_ROOT_CLASS = YES_ERROR;
				CLANG_WARN_QUOTED_INCLUDE_IN_FRAMEWORK_HEADER = YES;
				CLANG_WARN_RANGE_LOOP_ANALYSIS = YES;
				CLANG_WARN_STRICT_PROTOTYPES = YES;
				CLANG_WARN_SUSPICIOUS_MOVE = YES;
				CLANG_WARN_UNGUARDED_AVAILABILITY = YES_AGGRESSIVE;
				CLANG_WARN_UNREACHABLE_CODE = YES;
				CLANG_WARN__DUPLICATE_METHOD_MATCH = YES;
				COPY_PHASE_STRIP = NO;
				DEBUG_INFORMATION_FORMAT = dwarf;
				ENABLE_STRICT_OBJC_MSGSEND = YES;
				ENABLE_TESTABILITY = YES;
				GCC_C_LANGUAGE_STANDARD = gnu11;
				GCC_DYNAMIC_NO_PIC = NO;
				GCC_NO_COMMON_BLOCKS = YES;
				GCC_OPTIMIZATION_LEVEL = 0;
				GCC_PREPROCESSOR_DEFINITIONS = (
					"DEBUG=1",
					"$(inherited)",
				);
				GCC_WARN_64_TO_32_BIT_CONVERSION = YES;
				GCC_WARN_ABOUT_RETURN_TYPE = YES_ERROR;
				GCC_WARN_UNDECLARED_SELECTOR = YES;
				GCC_WARN_UNINITIALIZED_AUTOS = YES_AGGRESSIVE;
				GCC_WARN_UNUSED_FUNCTION = YES;
				GCC_WARN_UNUSED_VARIABLE = YES;
				IPHONEOS_DEPLOYMENT_TARGET = 14.4;
				MTL_ENABLE_DEBUG_INFO = INCLUDE_SOURCE;
				MTL_FAST_MATH = YES;
				ONLY_ACTIVE_ARCH = YES;
				SDKROOT = iphoneos;
				SWIFT_ACTIVE_COMPILATION_CONDITIONS = DEBUG;
				SWIFT_OPTIMIZATION_LEVEL = "-Onone";
			};
			name = Debug;
		};
		CCC11BE12636433D005DCBFE /* Release */ = {
			isa = XCBuildConfiguration;
			buildSettings = {
				ALWAYS_SEARCH_USER_PATHS = NO;
				CLANG_ANALYZER_NONNULL = YES;
				CLANG_ANALYZER_NUMBER_OBJECT_CONVERSION = YES_AGGRESSIVE;
				CLANG_CXX_LANGUAGE_STANDARD = "gnu++14";
				CLANG_CXX_LIBRARY = "libc++";
				CLANG_ENABLE_MODULES = YES;
				CLANG_ENABLE_OBJC_ARC = YES;
				CLANG_ENABLE_OBJC_WEAK = YES;
				CLANG_WARN_BLOCK_CAPTURE_AUTORELEASING = YES;
				CLANG_WARN_BOOL_CONVERSION = YES;
				CLANG_WARN_COMMA = YES;
				CLANG_WARN_CONSTANT_CONVERSION = YES;
				CLANG_WARN_DEPRECATED_OBJC_IMPLEMENTATIONS = YES;
				CLANG_WARN_DIRECT_OBJC_ISA_USAGE = YES_ERROR;
				CLANG_WARN_DOCUMENTATION_COMMENTS = YES;
				CLANG_WARN_EMPTY_BODY = YES;
				CLANG_WARN_ENUM_CONVERSION = YES;
				CLANG_WARN_INFINITE_RECURSION = YES;
				CLANG_WARN_INT_CONVERSION = YES;
				CLANG_WARN_NON_LITERAL_NULL_CONVERSION = YES;
				CLANG_WARN_OBJC_IMPLICIT_RETAIN_SELF = YES;
				CLANG_WARN_OBJC_LITERAL_CONVERSION = YES;
				CLANG_WARN_OBJC_ROOT_CLASS = YES_ERROR;
				CLANG_WARN_QUOTED_INCLUDE_IN_FRAMEWORK_HEADER = YES;
				CLANG_WARN_RANGE_LOOP_ANALYSIS = YES;
				CLANG_WARN_STRICT_PROTOTYPES = YES;
				CLANG_WARN_SUSPICIOUS_MOVE = YES;
				CLANG_WARN_UNGUARDED_AVAILABILITY = YES_AGGRESSIVE;
				CLANG_WARN_UNREACHABLE_CODE = YES;
				CLANG_WARN__DUPLICATE_METHOD_MATCH = YES;
				COPY_PHASE_STRIP = NO;
				DEBUG_INFORMATION_FORMAT = "dwarf-with-dsym";
				ENABLE_NS_ASSERTIONS = NO;
				ENABLE_STRICT_OBJC_MSGSEND = YES;
				GCC_C_LANGUAGE_STANDARD = gnu11;
				GCC_NO_COMMON_BLOCKS = YES;
				GCC_WARN_64_TO_32_BIT_CONVERSION = YES;
				GCC_WARN_ABOUT_RETURN_TYPE = YES_ERROR;
				GCC_WARN_UNDECLARED_SELECTOR = YES;
				GCC_WARN_UNINITIALIZED_AUTOS = YES_AGGRESSIVE;
				GCC_WARN_UNUSED_FUNCTION = YES;
				GCC_WARN_UNUSED_VARIABLE = YES;
				IPHONEOS_DEPLOYMENT_TARGET = 14.4;
				MTL_ENABLE_DEBUG_INFO = NO;
				MTL_FAST_MATH = YES;
				SDKROOT = iphoneos;
				SWIFT_COMPILATION_MODE = wholemodule;
				SWIFT_OPTIMIZATION_LEVEL = "-O";
				VALIDATE_PRODUCT = YES;
			};
			name = Release;
		};
		CCC11BE32636433D005DCBFE /* Debug */ = {
			isa = XCBuildConfiguration;
			buildSettings = {
				ASSETCATALOG_COMPILER_APPICON_NAME = AppIcon;
				ASSETCATALOG_COMPILER_GLOBAL_ACCENT_COLOR_NAME = AccentColor;
				CODE_SIGN_STYLE = Automatic;
				DEVELOPMENT_ASSET_PATHS = "\"Instagram-clone/Preview Content\"";
				DEVELOPMENT_TEAM = C5HQ3DJJGW;
				ENABLE_PREVIEWS = YES;
				INFOPLIST_FILE = "Instagram-clone/Info.plist";
				IPHONEOS_DEPLOYMENT_TARGET = 14.0;
				LD_RUNPATH_SEARCH_PATHS = (
					"$(inherited)",
					"@executable_path/Frameworks",
				);
				PRODUCT_BUNDLE_IDENTIFIER = "com.bald-traveler.Instagram-clone";
				PRODUCT_NAME = "$(TARGET_NAME)";
				SWIFT_VERSION = 5.0;
				TARGETED_DEVICE_FAMILY = "1,2";
			};
			name = Debug;
		};
		CCC11BE42636433D005DCBFE /* Release */ = {
			isa = XCBuildConfiguration;
			buildSettings = {
				ASSETCATALOG_COMPILER_APPICON_NAME = AppIcon;
				ASSETCATALOG_COMPILER_GLOBAL_ACCENT_COLOR_NAME = AccentColor;
				CODE_SIGN_STYLE = Automatic;
				DEVELOPMENT_ASSET_PATHS = "\"Instagram-clone/Preview Content\"";
				DEVELOPMENT_TEAM = C5HQ3DJJGW;
				ENABLE_PREVIEWS = YES;
				INFOPLIST_FILE = "Instagram-clone/Info.plist";
				IPHONEOS_DEPLOYMENT_TARGET = 14.0;
				LD_RUNPATH_SEARCH_PATHS = (
					"$(inherited)",
					"@executable_path/Frameworks",
				);
				PRODUCT_BUNDLE_IDENTIFIER = "com.bald-traveler.Instagram-clone";
				PRODUCT_NAME = "$(TARGET_NAME)";
				SWIFT_VERSION = 5.0;
				TARGETED_DEVICE_FAMILY = "1,2";
			};
			name = Release;
		};
/* End XCBuildConfiguration section */

/* Begin XCConfigurationList section */
		CCC11BCE26364338005DCBFE /* Build configuration list for PBXProject "Instagram-clone" */ = {
			isa = XCConfigurationList;
			buildConfigurations = (
				CCC11BE02636433D005DCBFE /* Debug */,
				CCC11BE12636433D005DCBFE /* Release */,
			);
			defaultConfigurationIsVisible = 0;
			defaultConfigurationName = Release;
		};
		CCC11BE22636433D005DCBFE /* Build configuration list for PBXNativeTarget "Instagram-clone" */ = {
			isa = XCConfigurationList;
			buildConfigurations = (
				CCC11BE32636433D005DCBFE /* Debug */,
				CCC11BE42636433D005DCBFE /* Release */,
			);
			defaultConfigurationIsVisible = 0;
			defaultConfigurationName = Release;
		};
/* End XCConfigurationList section */
	};
	rootObject = CCC11BCB26364338005DCBFE /* Project object */;
}
